
Microsoft Visual Studio Solution File, Format Version 12.00
# Visual Studio Version 17
VisualStudioVersion = 17.2.32630.192
MinimumVisualStudioVersion = 10.0.40219.1
Project("{9092AA53-FB77-4645-B42D-1CCCA6BD08BD}") = "The Backrooms", "The Backrooms.njsproj", "{47EA9AE9-50CC-458F-98CB-143578D0BFE8}"
EndProject
Global
	GlobalSection(SolutionConfigurationPlatforms) = preSolution
		Debug|Any CPU = Debug|Any CPU
		Release|Any CPU = Release|Any CPU
	EndGlobalSection
	GlobalSection(ProjectConfigurationPlatforms) = postSolution
		{47EA9AE9-50CC-458F-98CB-143578D0BFE8}.Debug|Any CPU.ActiveCfg = Debug|Any CPU
		{47EA9AE9-50CC-458F-98CB-143578D0BFE8}.Debug|Any CPU.Build.0 = Debug|Any CPU
		{47EA9AE9-50CC-458F-98CB-143578D0BFE8}.Release|Any CPU.ActiveCfg = Release|Any CPU
		{47EA9AE9-50CC-458F-98CB-143578D0BFE8}.Release|Any CPU.Build.0 = Release|Any CPU
	EndGlobalSection
	GlobalSection(SolutionProperties) = preSolution
		HideSolutionNode = FALSE
	EndGlobalSection
	GlobalSection(ExtensibilityGlobals) = postSolution
		SolutionGuid = {19BDBF7E-514F-4C5F-9192-E38667C60A36}
	EndGlobalSection
EndGlobal
